<?xml version="1.0" encoding="utf-8"?>
<Project ToolsVersion="4.0" xmlns="http://schemas.microsoft.com/developer/msbuild/2003">
  <ItemGroup>
    <Filter Include="源文件">
      <UniqueIdentifier>{4FC737F1-C7A5-4376-A066-2A32D752A2FF}</UniqueIdentifier>
      <Extensions>cpp;c;cc;cxx;c++;cppm;ixx;def;odl;idl;hpj;bat;asm;asmx</Extensions>
    </Filter>
    <Filter Include="头文件">
      <UniqueIdentifier>{93995380-89BD-4b04-88EB-625FBE52EBFB}</UniqueIdentifier>
      <Extensions>h;hh;hpp;hxx;h++;hm;inl;inc;ipp;xsd</Extensions>
    </Filter>
    <Filter Include="资源文件">
      <UniqueIdentifier>{67DA6AB6-F800-4c08-8B7A-83BB121AAD01}</UniqueIdentifier>
      <Extensions>rc;ico;cur;bmp;dlg;rc2;rct;bin;rgs;gif;jpg;jpeg;jpe;resx;tiff;tif;png;wav;mfcribbon-ms</Extensions>
    </Filter>
    <Filter Include="tcp">
      <UniqueIdentifier>{08f2f5f0-94c1-4fe9-b455-8d757a4c9346}</UniqueIdentifier>
    </Filter>
    <Filter Include="thread">
      <UniqueIdentifier>{1d8d3e67-ac4a-4c8a-8077-f4301c42a204}</UniqueIdentifier>
    </Filter>
    <Filter Include="util">
      <UniqueIdentifier>{dbd24ef2-87ee-4ae4-bac3-673e3b66a8e6}</UniqueIdentifier>
    </Filter>
    <Filter Include="thirdparty">
      <UniqueIdentifier>{0b68492d-cea2-49a3-9d71-9a8b6c56816d}</UniqueIdentifier>
    </Filter>
    <Filter Include="new">
      <UniqueIdentifier>{f48d26c7-c305-4545-987d-963189176fe7}</UniqueIdentifier>
    </Filter>
  </ItemGroup>
  <ItemGroup>
    <ClCompile Include="src\util\KBase64.cpp">
      <Filter>util</Filter>
    </ClCompile>
    <ClCompile Include="src\util\KEndian.cpp">
      <Filter>util</Filter>
    </ClCompile>
    <ClCompile Include="src\util\KSHA1.cpp">
      <Filter>util</Filter>
    </ClCompile>
    <ClCompile Include="src\util\KStringUtility.cpp">
      <Filter>util</Filter>
    </ClCompile>
    <ClCompile Include="src\util\KTime.cpp">
      <Filter>util</Filter>
    </ClCompile>
    <ClCompile Include="src\thread\KBuffer.cpp">
      <Filter>thread</Filter>
    </ClCompile>
    <ClCompile Include="src\thread\KCondVariable.cpp">
      <Filter>thread</Filter>
    </ClCompile>
    <ClCompile Include="src\thread\KError.cpp">
      <Filter>thread</Filter>
    </ClCompile>
    <ClCompile Include="src\thread\KEventObject.cpp">
      <Filter>thread</Filter>
    </ClCompile>
    <ClCompile Include="src\thread\KException.cpp">
      <Filter>thread</Filter>
    </ClCompile>
    <ClCompile Include="src\thread\KMutex.cpp">
      <Filter>thread</Filter>
    </ClCompile>
    <ClCompile Include="src\new\KOdbcClient.cpp">
      <Filter>new</Filter>
    </ClCompile>
    <ClCompile Include="src\thread\KSharedMemory.cpp">
      <Filter>thread</Filter>
    </ClCompile>
    <ClCompile Include="src\tcp\KTcpModbus.cpp">
      <Filter>tcp</Filter>
    </ClCompile>
    <ClCompile Include="src\tcp\KTcpWebsocket.cpp">
      <Filter>tcp</Filter>
    </ClCompile>
    <ClCompile Include="src\main.cpp">
      <Filter>源文件</Filter>
    </ClCompile>
    <ClCompile Include="src\tcp\KOpenSSL.cpp">
      <Filter>tcp</Filter>
    </ClCompile>
  </ItemGroup>
  <ItemGroup>
    <ClInclude Include="src\util\KBase64.h">
      <Filter>util</Filter>
    </ClInclude>
    <ClInclude Include="src\util\KCsvFile.hpp">
      <Filter>util</Filter>
    </ClInclude>
    <ClInclude Include="src\util\KEndian.h">
      <Filter>util</Filter>
    </ClInclude>
    <ClInclude Include="src\util\KIniFile.hpp">
      <Filter>util</Filter>
    </ClInclude>
    <ClInclude Include="src\util\KSHA1.h">
      <Filter>util</Filter>
    </ClInclude>
    <ClInclude Include="src\util\KSingleton.hpp">
      <Filter>util</Filter>
    </ClInclude>
    <ClInclude Include="src\util\KStringUtility.h">
      <Filter>util</Filter>
    </ClInclude>
    <ClInclude Include="src\util\KTextFile.hpp">
      <Filter>util</Filter>
    </ClInclude>
    <ClInclude Include="src\util\KTime.h">
      <Filter>util</Filter>
    </ClInclude>
    <ClInclude Include="src\thread\KAny.h">
      <Filter>thread</Filter>
    </ClInclude>
    <ClInclude Include="src\thread\KAtomic.h">
      <Filter>thread</Filter>
    </ClInclude>
    <ClInclude Include="src\thread\KBuffer.h">
      <Filter>thread</Filter>
    </ClInclude>
    <ClInclude Include="src\thread\KCondVariable.h">
      <Filter>thread</Filter>
    </ClInclude>
    <ClInclude Include="src\thread\KError.h">
      <Filter>thread</Filter>
    </ClInclude>
    <ClInclude Include="src\thread\KEventObject.h">
      <Filter>thread</Filter>
    </ClInclude>
    <ClInclude Include="src\thread\KException.h">
      <Filter>thread</Filter>
    </ClInclude>
    <ClInclude Include="src\thread\KLockGuard.h">
      <Filter>thread</Filter>
    </ClInclude>
    <ClInclude Include="src\thread\KMutex.h">
      <Filter>thread</Filter>
    </ClInclude>
    <ClInclude Include="src\thread\KPthread.h">
      <Filter>thread</Filter>
    </ClInclude>
    <ClInclude Include="src\thread\KQueue.h">
      <Filter>thread</Filter>
    </ClInclude>
    <ClInclude Include="src\new\KBarrier.hpp">
      <Filter>new</Filter>
    </ClInclude>
    <ClInclude Include="src\new\KReadWriteLock.hpp">
      <Filter>new</Filter>
    </ClInclude>
    <ClInclude Include="src\new\KSpinLock.hpp">
      <Filter>new</Filter>
    </ClInclude>
    <ClInclude Include="src\new\KOdbcClient.h">
      <Filter>new</Filter>
    </ClInclude>
    <ClInclude Include="src\thread\KSharedMemory.h">
      <Filter>thread</Filter>
    </ClInclude>
    <ClInclude Include="src\tcp\KModbusClient.hpp">
      <Filter>tcp</Filter>
    </ClInclude>
    <ClInclude Include="src\tcp\KModbusServer.hpp">
      <Filter>tcp</Filter>
    </ClInclude>
    <ClInclude Include="src\tcp\KTcpClient.hpp">
      <Filter>tcp</Filter>
    </ClInclude>
    <ClInclude Include="src\tcp\KTcpConnection.hpp">
      <Filter>tcp</Filter>
    </ClInclude>
    <ClInclude Include="src\tcp\KTcpModbus.h">
      <Filter>tcp</Filter>
    </ClInclude>
    <ClInclude Include="src\tcp\KTcpNetwork.h">
      <Filter>tcp</Filter>
    </ClInclude>
    <ClInclude Include="src\tcp\KTcpServer.hpp">
      <Filter>tcp</Filter>
    </ClInclude>
    <ClInclude Include="src\tcp\KTcpWebsocket.h">
      <Filter>tcp</Filter>
    </ClInclude>
    <ClInclude Include="src\tcp\KWebsocketClient.hpp">
      <Filter>tcp</Filter>
    </ClInclude>
    <ClInclude Include="src\tcp\KWebsocketServer.hpp">
      <Filter>tcp</Filter>
    </ClInclude>
    <ClInclude Include="src\tcp\KOpenSSL.h">
      <Filter>tcp</Filter>
    </ClInclude>
  </ItemGroup>
</Project>